<Solution>
  <Project Path="../../../Desktop/solution_test_result/program4_solution/program4_solution.csproj" />
  <Project Path="../../../Desktop/solution_test_result/ProgramTwo_solution/ProgramTwo_solution.csproj" />
  <Project Path="Program1_solution/Program1_solution.csproj" />
  <Project Path="Program3_solution/Program3_solution.csproj" />
</Solution>
